// !$*UTF8*$!
{
	archiveVersion = 1;
	classes = {
	};
	objectVersion = 46;
	objects = {

/* Begin PBXBuildFile section */
		8CF9BCAD199322A9000FD64D /* Foundation.framework in Frameworks */ = {isa = PBXBuildFile; fileRef = 8CF9BCAC199322A9000FD64D /* Foundation.framework */; };
		8CF9BCAF199322A9000FD64D /* CoreGraphics.framework in Frameworks */ = {isa = PBXBuildFile; fileRef = 8CF9BCAE199322A9000FD64D /* CoreGraphics.framework */; };
		8CF9BCB1199322A9000FD64D /* UIKit.framework in Frameworks */ = {isa = PBXBuildFile; fileRef = 8CF9BCB0199322A9000FD64D /* UIKit.framework */; };
		8CF9BCB7199322A9000FD64D /* InfoPlist.strings in Resources */ = {isa = PBXBuildFile; fileRef = 8CF9BCB5199322A9000FD64D /* InfoPlist.strings */; };
		8CF9BCB9199322A9000FD64D /* main.m in Sources */ = {isa = PBXBuildFile; fileRef = 8CF9BCB8199322A9000FD64D /* main.m */; };
		8CF9BCBD199322A9000FD64D /* AppDelegate.m in Sources */ = {isa = PBXBuildFile; fileRef = 8CF9BCBC199322A9000FD64D /* AppDelegate.m */; };
		8CF9BCBF199322A9000FD64D /* Images.xcassets in Resources */ = {isa = PBXBuildFile; fileRef = 8CF9BCBE199322A9000FD64D /* Images.xcassets */; };
		8CF9BCC6199322A9000FD64D /* XCTest.framework in Frameworks */ = {isa = PBXBuildFile; fileRef = 8CF9BCC5199322A9000FD64D /* XCTest.framework */; };
		8CF9BCC7199322A9000FD64D /* Foundation.framework in Frameworks */ = {isa = PBXBuildFile; fileRef = 8CF9BCAC199322A9000FD64D /* Foundation.framework */; };
		8CF9BCC8199322A9000FD64D /* UIKit.framework in Frameworks */ = {isa = PBXBuildFile; fileRef = 8CF9BCB0199322A9000FD64D /* UIKit.framework */; };
		8CF9BCD0199322A9000FD64D /* InfoPlist.strings in Resources */ = {isa = PBXBuildFile; fileRef = 8CF9BCCE199322A9000FD64D /* InfoPlist.strings */; };
		8CF9BCD2199322A9000FD64D /* yfuiTests.m in Sources */ = {isa = PBXBuildFile; fileRef = 8CF9BCD1199322A9000FD64D /* yfuiTests.m */; };
		8CF9BCE1199324C6000FD64D /* HamburgerButton.m in Sources */ = {isa = PBXBuildFile; fileRef = 8CF9BCE0199324C6000FD64D /* HamburgerButton.m */; };
		8CF9BCE31993250C000FD64D /* Main.storyboard in Resources */ = {isa = PBXBuildFile; fileRef = 8CF9BCE21993250C000FD64D /* Main.storyboard */; };
		8CF9BCEB199325D3000FD64D /* MainViewController.m in Sources */ = {isa = PBXBuildFile; fileRef = 8CF9BCEA199325D3000FD64D /* MainViewController.m */; };
		8CF9BCEE199326C0000FD64D /* TestViewController.m in Sources */ = {isa = PBXBuildFile; fileRef = 8CF9BCED199326C0000FD64D /* TestViewController.m */; };
/* End PBXBuildFile section */

/* Begin PBXContainerItemProxy section */
		8CF9BCC9199322A9000FD64D /* PBXContainerItemProxy */ = {
			isa = PBXContainerItemProxy;
			containerPortal = 8CF9BCA1199322A9000FD64D /* Project object */;
			proxyType = 1;
			remoteGlobalIDString = 8CF9BCA8199322A9000FD64D;
			remoteInfo = yfui;
		};
/* End PBXContainerItemProxy section */

/* Begin PBXFileReference section */
		8CF9BCA9199322A9000FD64D /* yfui.app */ = {isa = PBXFileReference; explicitFileType = wrapper.application; includeInIndex = 0; path = yfui.app; sourceTree = BUILT_PRODUCTS_DIR; };
		8CF9BCAC199322A9000FD64D /* Foundation.framework */ = {isa = PBXFileReference; lastKnownFileType = wrapper.framework; name = Foundation.framework; path = System/Library/Frameworks/Foundation.framework; sourceTree = SDKROOT; };
		8CF9BCAE199322A9000FD64D /* CoreGraphics.framework */ = {isa = PBXFileReference; lastKnownFileType = wrapper.framework; name = CoreGraphics.framework; path = System/Library/Frameworks/CoreGraphics.framework; sourceTree = SDKROOT; };
		8CF9BCB0199322A9000FD64D /* UIKit.framework */ = {isa = PBXFileReference; lastKnownFileType = wrapper.framework; name = UIKit.framework; path = System/Library/Frameworks/UIKit.framework; sourceTree = SDKROOT; };
		8CF9BCB4199322A9000FD64D /* yfui-Info.plist */ = {isa = PBXFileReference; lastKnownFileType = text.plist.xml; path = "yfui-Info.plist"; sourceTree = "<group>"; };
		8CF9BCB6199322A9000FD64D /* en */ = {isa = PBXFileReference; lastKnownFileType = text.plist.strings; name = en; path = en.lproj/InfoPlist.strings; sourceTree = "<group>"; };
		8CF9BCB8199322A9000FD64D /* main.m */ = {isa = PBXFileReference; lastKnownFileType = sourcecode.c.objc; path = main.m; sourceTree = "<group>"; };
		8CF9BCBA199322A9000FD64D /* yfui-Prefix.pch */ = {isa = PBXFileReference; lastKnownFileType = sourcecode.c.h; path = "yfui-Prefix.pch"; sourceTree = "<group>"; };
		8CF9BCBB199322A9000FD64D /* AppDelegate.h */ = {isa = PBXFileReference; lastKnownFileType = sourcecode.c.h; path = AppDelegate.h; sourceTree = "<group>"; };
		8CF9BCBC199322A9000FD64D /* AppDelegate.m */ = {isa = PBXFileReference; lastKnownFileType = sourcecode.c.objc; path = AppDelegate.m; sourceTree = "<group>"; };
		8CF9BCBE199322A9000FD64D /* Images.xcassets */ = {isa = PBXFileReference; lastKnownFileType = folder.assetcatalog; path = Images.xcassets; sourceTree = "<group>"; };
		8CF9BCC4199322A9000FD64D /* yfuiTests.xctest */ = {isa = PBXFileReference; explicitFileType = wrapper.cfbundle; includeInIndex = 0; path = yfuiTests.xctest; sourceTree = BUILT_PRODUCTS_DIR; };
		8CF9BCC5199322A9000FD64D /* XCTest.framework */ = {isa = PBXFileReference; lastKnownFileType = wrapper.framework; name = XCTest.framework; path = Library/Frameworks/XCTest.framework; sourceTree = DEVELOPER_DIR; };
		8CF9BCCD199322A9000FD64D /* yfuiTests-Info.plist */ = {isa = PBXFileReference; lastKnownFileType = text.plist.xml; path = "yfuiTests-Info.plist"; sourceTree = "<group>"; };
		8CF9BCCF199322A9000FD64D /* en */ = {isa = PBXFileReference; lastKnownFileType = text.plist.strings; name = en; path = en.lproj/InfoPlist.strings; sourceTree = "<group>"; };
		8CF9BCD1199322A9000FD64D /* yfuiTests.m */ = {isa = PBXFileReference; lastKnownFileType = sourcecode.c.objc; path = yfuiTests.m; sourceTree = "<group>"; };
		8CF9BCDF199324C6000FD64D /* HamburgerButton.h */ = {isa = PBXFileReference; fileEncoding = 4; lastKnownFileType = sourcecode.c.h; name = HamburgerButton.h; path = Button/HamburgerButton.h; sourceTree = "<group>"; };
		8CF9BCE0199324C6000FD64D /* HamburgerButton.m */ = {isa = PBXFileReference; fileEncoding = 4; lastKnownFileType = sourcecode.c.objc; name = HamburgerButton.m; path = Button/HamburgerButton.m; sourceTree = "<group>"; };
		8CF9BCE21993250C000FD64D /* Main.storyboard */ = {isa = PBXFileReference; fileEncoding = 4; lastKnownFileType = file.storyboard; path = Main.storyboard; sourceTree = "<group>"; };
		8CF9BCE9199325D3000FD64D /* MainViewController.h */ = {isa = PBXFileReference; fileEncoding = 4; lastKnownFileType = sourcecode.c.h; path = MainViewController.h; sourceTree = "<group>"; };
		8CF9BCEA199325D3000FD64D /* MainViewController.m */ = {isa = PBXFileReference; fileEncoding = 4; lastKnownFileType = sourcecode.c.objc; path = MainViewController.m; sourceTree = "<group>"; };
		8CF9BCEC199326C0000FD64D /* TestViewController.h */ = {isa = PBXFileReference; fileEncoding = 4; lastKnownFileType = sourcecode.c.h; path = TestViewController.h; sourceTree = "<group>"; };
		8CF9BCED199326C0000FD64D /* TestViewController.m */ = {isa = PBXFileReference; fileEncoding = 4; lastKnownFileType = sourcecode.c.objc; path = TestViewController.m; sourceTree = "<group>"; };
/* End PBXFileReference section */

/* Begin PBXFrameworksBuildPhase section */
		8CF9BCA6199322A9000FD64D /* Frameworks */ = {
			isa = PBXFrameworksBuildPhase;
			buildActionMask = 2147483647;
			files = (
				8CF9BCAF199322A9000FD64D /* CoreGraphics.framework in Frameworks */,
				8CF9BCB1199322A9000FD64D /* UIKit.framework in Frameworks */,
				8CF9BCAD199322A9000FD64D /* Foundation.framework in Frameworks */,
			);
			runOnlyForDeploymentPostprocessing = 0;
		};
		8CF9BCC1199322A9000FD64D /* Frameworks */ = {
			isa = PBXFrameworksBuildPhase;
			buildActionMask = 2147483647;
			files = (
				8CF9BCC6199322A9000FD64D /* XCTest.framework in Frameworks */,
				8CF9BCC8199322A9000FD64D /* UIKit.framework in Frameworks */,
				8CF9BCC7199322A9000FD64D /* Foundation.framework in Frameworks */,
			);
			runOnlyForDeploymentPostprocessing = 0;
		};
/* End PBXFrameworksBuildPhase section */

/* Begin PBXGroup section */
		8CF9BCA0199322A9000FD64D = {
			isa = PBXGroup;
			children = (
				8CF9BCB2199322A9000FD64D /* yfui */,
				8CF9BCCB199322A9000FD64D /* yfuiTests */,
				8CF9BCAB199322A9000FD64D /* Frameworks */,
				8CF9BCAA199322A9000FD64D /* Products */,
			);
			sourceTree = "<group>";
		};
		8CF9BCAA199322A9000FD64D /* Products */ = {
			isa = PBXGroup;
			children = (
				8CF9BCA9199322A9000FD64D /* yfui.app */,
				8CF9BCC4199322A9000FD64D /* yfuiTests.xctest */,
			);
			name = Products;
			sourceTree = "<group>";
		};
		8CF9BCAB199322A9000FD64D /* Frameworks */ = {
			isa = PBXGroup;
			children = (
				8CF9BCAC199322A9000FD64D /* Foundation.framework */,
				8CF9BCAE199322A9000FD64D /* CoreGraphics.framework */,
				8CF9BCB0199322A9000FD64D /* UIKit.framework */,
				8CF9BCC5199322A9000FD64D /* XCTest.framework */,
			);
			name = Frameworks;
			sourceTree = "<group>";
		};
		8CF9BCB2199322A9000FD64D /* yfui */ = {
			isa = PBXGroup;
			children = (
				8CF9BCDB19932400000FD64D /* Control */,
				8CF9BCBB199322A9000FD64D /* AppDelegate.h */,
				8CF9BCBC199322A9000FD64D /* AppDelegate.m */,
				8CF9BCEC199326C0000FD64D /* TestViewController.h */,
				8CF9BCED199326C0000FD64D /* TestViewController.m */,
				8CF9BCE9199325D3000FD64D /* MainViewController.h */,
				8CF9BCEA199325D3000FD64D /* MainViewController.m */,
				8CF9BCBE199322A9000FD64D /* Images.xcassets */,
				8CF9BCB3199322A9000FD64D /* Supporting Files */,
				8CF9BCE21993250C000FD64D /* Main.storyboard */,
			);
			path = yfui;
			sourceTree = "<group>";
		};
		8CF9BCB3199322A9000FD64D /* Supporting Files */ = {
			isa = PBXGroup;
			children = (
				8CF9BCB4199322A9000FD64D /* yfui-Info.plist */,
				8CF9BCB5199322A9000FD64D /* InfoPlist.strings */,
				8CF9BCB8199322A9000FD64D /* main.m */,
				8CF9BCBA199322A9000FD64D /* yfui-Prefix.pch */,
			);
			name = "Supporting Files";
			sourceTree = "<group>";
		};
		8CF9BCCB199322A9000FD64D /* yfuiTests */ = {
			isa = PBXGroup;
			children = (
				8CF9BCD1199322A9000FD64D /* yfuiTests.m */,
				8CF9BCCC199322A9000FD64D /* Supporting Files */,
			);
			path = yfuiTests;
			sourceTree = "<group>";
		};
		8CF9BCCC199322A9000FD64D /* Supporting Files */ = {
			isa = PBXGroup;
			children = (
				8CF9BCCD199322A9000FD64D /* yfuiTests-Info.plist */,
				8CF9BCCE199322A9000FD64D /* InfoPlist.strings */,
			);
			name = "Supporting Files";
			sourceTree = "<group>";
		};
		8CF9BCDB19932400000FD64D /* Control */ = {
			isa = PBXGroup;
			children = (
				8CF9BCDE19932490000FD64D /* Button */,
			);
			path = Control;
			sourceTree = "<group>";
		};
		8CF9BCDE19932490000FD64D /* Button */ = {
			isa = PBXGroup;
			children = (
				8CF9BCDF199324C6000FD64D /* HamburgerButton.h */,
				8CF9BCE0199324C6000FD64D /* HamburgerButton.m */,
			);
			name = Button;
			sourceTree = "<group>";
		};
/* End PBXGroup section */

/* Begin PBXNativeTarget section */
		8CF9BCA8199322A9000FD64D /* yfui */ = {
			isa = PBXNativeTarget;
			buildConfigurationList = 8CF9BCD5199322A9000FD64D /* Build configuration list for PBXNativeTarget "yfui" */;
			buildPhases = (
				8CF9BCA5199322A9000FD64D /* Sources */,
				8CF9BCA6199322A9000FD64D /* Frameworks */,
				8CF9BCA7199322A9000FD64D /* Resources */,
			);
			buildRules = (
			);
			dependencies = (
			);
			name = yfui;
			productName = yfui;
			productReference = 8CF9BCA9199322A9000FD64D /* yfui.app */;
			productType = "com.apple.product-type.application";
		};
		8CF9BCC3199322A9000FD64D /* yfuiTests */ = {
			isa = PBXNativeTarget;
			buildConfigurationList = 8CF9BCD8199322A9000FD64D /* Build configuration list for PBXNativeTarget "yfuiTests" */;
			buildPhases = (
				8CF9BCC0199322A9000FD64D /* Sources */,
				8CF9BCC1199322A9000FD64D /* Frameworks */,
				8CF9BCC2199322A9000FD64D /* Resources */,
			);
			buildRules = (
			);
			dependencies = (
				8CF9BCCA199322A9000FD64D /* PBXTargetDependency */,
			);
			name = yfuiTests;
			productName = yfuiTests;
			productReference = 8CF9BCC4199322A9000FD64D /* yfuiTests.xctest */;
			productType = "com.apple.product-type.bundle.unit-test";
		};
/* End PBXNativeTarget section */

/* Begin PBXProject section */
		8CF9BCA1199322A9000FD64D /* Project object */ = {
			isa = PBXProject;
			attributes = {
				LastUpgradeCheck = 0510;
				ORGANIZATIONNAME = yfstudio;
				TargetAttributes = {
					8CF9BCC3199322A9000FD64D = {
						TestTargetID = 8CF9BCA8199322A9000FD64D;
					};
				};
			};
			buildConfigurationList = 8CF9BCA4199322A9000FD64D /* Build configuration list for PBXProject "yfui" */;
			compatibilityVersion = "Xcode 3.2";
			developmentRegion = English;
			hasScannedForEncodings = 0;
			knownRegions = (
				en,
			);
			mainGroup = 8CF9BCA0199322A9000FD64D;
			productRefGroup = 8CF9BCAA199322A9000FD64D /* Products */;
			projectDirPath = "";
			projectRoot = "";
			targets = (
				8CF9BCA8199322A9000FD64D /* yfui */,
				8CF9BCC3199322A9000FD64D /* yfuiTests */,
			);
		};
/* End PBXProject section */

/* Begin PBXResourcesBuildPhase section */
		8CF9BCA7199322A9000FD64D /* Resources */ = {
			isa = PBXResourcesBuildPhase;
			buildActionMask = 2147483647;
			files = (
				8CF9BCB7199322A9000FD64D /* InfoPlist.strings in Resources */,
				8CF9BCBF199322A9000FD64D /* Images.xcassets in Resources */,
				8CF9BCE31993250C000FD64D /* Main.storyboard in Resources */,
			);
			runOnlyForDeploymentPostprocessing = 0;
		};
		8CF9BCC2199322A9000FD64D /* Resources */ = {
			isa = PBXResourcesBuildPhase;
			buildActionMask = 2147483647;
			files = (
				8CF9BCD0199322A9000FD64D /* InfoPlist.strings in Resources */,
			);
			runOnlyForDeploymentPostprocessing = 0;
		};
/* End PBXResourcesBuildPhase section */

/* Begin PBXSourcesBuildPhase section */
		8CF9BCA5199322A9000FD64D /* Sources */ = {
			isa = PBXSourcesBuildPhase;
			buildActionMask = 2147483647;
			files = (
				8CF9BCE1199324C6000FD64D /* HamburgerButton.m in Sources */,
				8CF9BCBD199322A9000FD64D /* AppDelegate.m in Sources */,
				8CF9BCB9199322A9000FD64D /* main.m in Sources */,
				8CF9BCEB199325D3000FD64D /* MainViewController.m in Sources */,
				8CF9BCEE199326C0000FD64D /* TestViewController.m in Sources */,
			);
			runOnlyForDeploymentPostprocessing = 0;
		};
		8CF9BCC0199322A9000FD64D /* Sources */ = {
			isa = PBXSourcesBuildPhase;
			buildActionMask = 2147483647;
			files = (
				8CF9BCD2199322A9000FD64D /* yfuiTests.m in Sources */,
			);
			runOnlyForDeploymentPostprocessing = 0;
		};
/* End PBXSourcesBuildPhase section */

/* Begin PBXTargetDependency section */
		8CF9BCCA199322A9000FD64D /* PBXTargetDependency */ = {
			isa = PBXTargetDependency;
			target = 8CF9BCA8199322A9000FD64D /* yfui */;
			targetProxy = 8CF9BCC9199322A9000FD64D /* PBXContainerItemProxy */;
		};
/* End PBXTargetDependency section */

/* Begin PBXVariantGroup section */
		8CF9BCB5199322A9000FD64D /* InfoPlist.strings */ = {
			isa = PBXVariantGroup;
			children = (
				8CF9BCB6199322A9000FD64D /* en */,
			);
			name = InfoPlist.strings;
			sourceTree = "<group>";
		};
		8CF9BCCE199322A9000FD64D /* InfoPlist.strings */ = {
			isa = PBXVariantGroup;
			children = (
				8CF9BCCF199322A9000FD64D /* en */,
			);
			name = InfoPlist.strings;
			sourceTree = "<group>";
		};
/* End PBXVariantGroup section */

/* Begin XCBuildConfiguration section */
		8CF9BCD3199322A9000FD64D /* Debug */ = {
			isa = XCBuildConfiguration;
			buildSettings = {
				ALWAYS_SEARCH_USER_PATHS = NO;
				CLANG_CXX_LANGUAGE_STANDARD = "gnu++0x";
				CLANG_CXX_LIBRARY = "libc++";
				CLANG_ENABLE_MODULES = YES;
				CLANG_ENABLE_OBJC_ARC = YES;
				CLANG_WARN_BOOL_CONVERSION = YES;
				CLANG_WARN_CONSTANT_CONVERSION = YES;
				CLANG_WARN_DIRECT_OBJC_ISA_USAGE = YES_ERROR;
				CLANG_WARN_EMPTY_BODY = YES;
				CLANG_WARN_ENUM_CONVERSION = YES;
				CLANG_WARN_INT_CONVERSION = YES;
				CLANG_WARN_OBJC_ROOT_CLASS = YES_ERROR;
				CLANG_WARN__DUPLICATE_METHOD_MATCH = YES;
				"CODE_SIGN_IDENTITY[sdk=iphoneos*]" = "iPhone Developer";
				COPY_PHASE_STRIP = NO;
				GCC_C_LANGUAGE_STANDARD = gnu99;
				GCC_DYNAMIC_NO_PIC = NO;
				GCC_OPTIMIZATION_LEVEL = 0;
				GCC_PREPROCESSOR_DEFINITIONS = (
					"DEBUG=1",
					"$(inherited)",
				);
				GCC_SYMBOLS_PRIVATE_EXTERN = NO;
				GCC_WARN_64_TO_32_BIT_CONVERSION = YES;
				GCC_WARN_ABOUT_RETURN_TYPE = YES_ERROR;
				GCC_WARN_UNDECLARED_SELECTOR = YES;
				GCC_WARN_UNINITIALIZED_AUTOS = YES_AGGRESSIVE;
				GCC_WARN_UNUSED_FUNCTION = YES;
				GCC_WARN_UNUSED_VARIABLE = YES;
				IPHONEOS_DEPLOYMENT_TARGET = 7.1;
				ONLY_ACTIVE_ARCH = YES;
				SDKROOT = iphoneos;
				TARGETED_DEVICE_FAMILY = "1,2";
			};
			name = Debug;
		};
		8CF9BCD4199322A9000FD64D /* Release */ = {
			isa = XCBuildConfiguration;
			buildSettings = {
				ALWAYS_SEARCH_USER_PATHS = NO;
				CLANG_CXX_LANGUAGE_STANDARD = "gnu++0x";
				CLANG_CXX_LIBRARY = "libc++";
				CLANG_ENABLE_MODULES = YES;
				CLANG_ENABLE_OBJC_ARC = YES;
				CLANG_WARN_BOOL_CONVERSION = YES;
				CLANG_WARN_CONSTANT_CONVERSION = YES;
				CLANG_WARN_DIRECT_OBJC_ISA_USAGE = YES_ERROR;
				CLANG_WARN_EMPTY_BODY = YES;
				CLANG_WARN_ENUM_CONVERSION = YES;
				CLANG_WARN_INT_CONVERSION = YES;
				CLANG_WARN_OBJC_ROOT_CLASS = YES_ERROR;
				CLANG_WARN__DUPLICATE_METHOD_MATCH = YES;
				"CODE_SIGN_IDENTITY[sdk=iphoneos*]" = "iPhone Developer";
				COPY_PHASE_STRIP = YES;
				ENABLE_NS_ASSERTIONS = NO;
				GCC_C_LANGUAGE_STANDARD = gnu99;
				GCC_WARN_64_TO_32_BIT_CONVERSION = YES;
				GCC_WARN_ABOUT_RETURN_TYPE = YES_ERROR;
				GCC_WARN_UNDECLARED_SELECTOR = YES;
				GCC_WARN_UNINITIALIZED_AUTOS = YES_AGGRESSIVE;
				GCC_WARN_UNUSED_FUNCTION = YES;
				GCC_WARN_UNUSED_VARIABLE = YES;
				IPHONEOS_DEPLOYMENT_TARGET = 7.1;
				SDKROOT = iphoneos;
				TARGETED_DEVICE_FAMILY = "1,2";
				VALIDATE_PRODUCT = YES;
			};
			name = Release;
		};
		8CF9BCD6199322A9000FD64D /* Debug */ = {
			isa = XCBuildConfiguration;
			buildSettings = {
				ASSETCATALOG_COMPILER_APPICON_NAME = AppIcon;
				ASSETCATALOG_COMPILER_LAUNCHIMAGE_NAME = LaunchImage;
				GCC_PRECOMPILE_PREFIX_HEADER = YES;
				GCC_PREFIX_HEADER = "yfui/yfui-Prefix.pch";
				INFOPLIST_FILE = "yfui/yfui-Info.plist";
				IPHONEOS_DEPLOYMENT_TARGET = 6.0;
				PRODUCT_NAME = "$(TARGET_NAME)";
				WRAPPER_EXTENSION = app;
			};
			name = Debug;
		};
		8CF9BCD7199322A9000FD64D /* Release */ = {
			isa = XCBuildConfiguration;
			buildSettings = {
				ASSETCATALOG_COMPILER_APPICON_NAME = AppIcon;
				ASSETCATALOG_COMPILER_LAUNCHIMAGE_NAME = LaunchImage;
				GCC_PRECOMPILE_PREFIX_HEADER = YES;
				GCC_PREFIX_HEADER = "yfui/yfui-Prefix.pch";
				INFOPLIST_FILE = "yfui/yfui-Info.plist";
				IPHONEOS_DEPLOYMENT_TARGET = 6.0;
				PRODUCT_NAME = "$(TARGET_NAME)";
				WRAPPER_EXTENSION = app;
			};
			name = Release;
		};
		8CF9BCD9199322A9000FD64D /* Debug */ = {
			isa = XCBuildConfiguration;
			buildSettings = {
				BUNDLE_LOADER = "$(BUILT_PRODUCTS_DIR)/yfui.app/yfui";
				FRAMEWORK_SEARCH_PATHS = (
					"$(SDKROOT)/Developer/Library/Frameworks",
					"$(inherited)",
					"$(DEVELOPER_FRAMEWORKS_DIR)",
				);
				GCC_PRECOMPILE_PREFIX_HEADER = YES;
				GCC_PREFIX_HEADER = "yfui/yfui-Prefix.pch";
				GCC_PREPROCESSOR_DEFINITIONS = (
					"DEBUG=1",
					"$(inherited)",
				);
				INFOPLIST_FILE = "yfuiTests/yfuiTests-Info.plist";
				PRODUCT_NAME = "$(TARGET_NAME)";
				TEST_HOST = "$(BUNDLE_LOADER)";
				WRAPPER_EXTENSION = xctest;
			};
			name = Debug;
		};
		8CF9BCDA199322A9000FD64D /* Release */ = {
			isa = XCBuildConfiguration;
			buildSettings = {
				BUNDLE_LOADER = "$(BUILT_PRODUCTS_DIR)/yfui.app/yfui";
				FRAMEWORK_SEARCH_PATHS = (
					"$(SDKROOT)/Developer/Library/Frameworks",
					"$(inherited)",
					"$(DEVELOPER_FRAMEWORKS_DIR)",
				);
				GCC_PRECOMPILE_PREFIX_HEADER = YES;
				GCC_PREFIX_HEADER = "yfui/yfui-Prefix.pch";
				INFOPLIST_FILE = "yfuiTests/yfuiTests-Info.plist";
				PRODUCT_NAME = "$(TARGET_NAME)";
				TEST_HOST = "$(BUNDLE_LOADER)";
				WRAPPER_EXTENSION = xctest;
			};
			name = Release;
		};
/* End XCBuildConfiguration section */

/* Begin XCConfigurationList section */
		8CF9BCA4199322A9000FD64D /* Build configuration list for PBXProject "yfui" */ = {
			isa = XCConfigurationList;
			buildConfigurations = (
				8CF9BCD3199322A9000FD64D /* Debug */,
				8CF9BCD4199322A9000FD64D /* Release */,
			);
			defaultConfigurationIsVisible = 0;
			defaultConfigurationName = Release;
		};
		8CF9BCD5199322A9000FD64D /* Build configuration list for PBXNativeTarget "yfui" */ = {
			isa = XCConfigurationList;
			buildConfigurations = (
				8CF9BCD6199322A9000FD64D /* Debug */,
				8CF9BCD7199322A9000FD64D /* Release */,
			);
			defaultConfigurationIsVisible = 0;
			defaultConfigurationName = Release;
		};
		8CF9BCD8199322A9000FD64D /* Build configuration list for PBXNativeTarget "yfuiTests" */ = {
			isa = XCConfigurationList;
			buildConfigurations = (
				8CF9BCD9199322A9000FD64D /* Debug */,
				8CF9BCDA199322A9000FD64D /* Release */,
			);
			defaultConfigurationIsVisible = 0;
			defaultConfigurationName = Release;
		};
/* End XCConfigurationList section */
	};
	rootObject = 8CF9BCA1199322A9000FD64D /* Project object */;
}
